# @generated - this file is auto-generated by `mise lock` https://mise.jdx.dev/dev-tools/mise-lock.html

lockfile_version = 2

[[tools.vp]]
version = "0.3.0"
aube = { path = ".mise/locks/vp/0.3.0", digest = "sha256:e14f85f7a603228346c496491143708e8dc19e3349ea9ced3029931014f0e551" }
backend = "npm:vite-plus"
specifiers = ["0.3.0"]
